// !$*UTF8*$!
{
	archiveVersion = 1;
	classes = {
	};
	objectVersion = 46;
	objects = {

/* Begin PBXBuildFile section */
		409D45AB1E6716E3007A3099 /* AppDelegate.swift in Sources */ = {isa = PBXBuildFile; fileRef = 409D45AA1E6716E3007A3099 /* AppDelegate.swift */; };
		409D45AD1E6716E3007A3099 /* ViewController.swift in Sources */ = {isa = PBXBuildFile; fileRef = 409D45AC1E6716E3007A3099 /* ViewController.swift */; };
		409D45B01E6716E3007A3099 /* Main.storyboard in Resources */ = {isa = PBXBuildFile; fileRef = 409D45AE1E6716E3007A3099 /* Main.storyboard */; };
		409D45B21E6716E3007A3099 /* Assets.xcassets in Resources */ = {isa = PBXBuildFile; fileRef = 409D45B11E6716E3007A3099 /* Assets.xcassets */; };
		409D45B51E6716E3007A3099 /* LaunchScreen.storyboard in Resources */ = {isa = PBXBuildFile; fileRef = 409D45B31E6716E3007A3099 /* LaunchScreen.storyboard */; };
		409D45C61E671822007A3099 /* index.html in Resources */ = {isa = PBXBuildFile; fileRef = 409D45BF1E671822007A3099 /* index.html */; };
		409D45CA1E671822007A3099 /* zone.js in Resources */ = {isa = PBXBuildFile; fileRef = 409D45C31E671822007A3099 /* zone.js */; };
/* End PBXBuildFile section */

/* Begin PBXFileReference section */
		409D45A71E6716E3007A3099 /* WebViewTest.app */ = {isa = PBXFileReference; explicitFileType = wrapper.application; includeInIndex = 0; path = WebViewTest.app; sourceTree = BUILT_PRODUCTS_DIR; };
		409D45AA1E6716E3007A3099 /* AppDelegate.swift */ = {isa = PBXFileReference; lastKnownFileType = sourcecode.swift; path = AppDelegate.swift; sourceTree = "<group>"; };
		409D45AC1E6716E3007A3099 /* ViewController.swift */ = {isa = PBXFileReference; lastKnownFileType = sourcecode.swift; path = ViewController.swift; sourceTree = "<group>"; };
		409D45AF1E6716E3007A3099 /* Base */ = {isa = PBXFileReference; lastKnownFileType = file.storyboard; name = Base; path = Base.lproj/Main.storyboard; sourceTree = "<group>"; };
		409D45B11E6716E3007A3099 /* Assets.xcassets */ = {isa = PBXFileReference; lastKnownFileType = folder.assetcatalog; path = Assets.xcassets; sourceTree = "<group>"; };
		409D45B41E6716E3007A3099 /* Base */ = {isa = PBXFileReference; lastKnownFileType = file.storyboard; name = Base; path = Base.lproj/LaunchScreen.storyboard; sourceTree = "<group>"; };
		409D45B61E6716E3007A3099 /* Info.plist */ = {isa = PBXFileReference; lastKnownFileType = text.plist.xml; path = Info.plist; sourceTree = "<group>"; };
		409D45BF1E671822007A3099 /* index.html */ = {isa = PBXFileReference; fileEncoding = 4; lastKnownFileType = text.html; path = index.html; sourceTree = "<group>"; };
		409D45C31E671822007A3099 /* zone.js */ = {isa = PBXFileReference; fileEncoding = 4; lastKnownFileType = sourcecode.javascript; path = zone.js; sourceTree = "<group>"; };
/* End PBXFileReference section */

/* Begin PBXFrameworksBuildPhase section */
		409D45A41E6716E3007A3099 /* Frameworks */ = {
			isa = PBXFrameworksBuildPhase;
			buildActionMask = 2147483647;
			files = (
			);
			runOnlyForDeploymentPostprocessing = 0;
		};
/* End PBXFrameworksBuildPhase section */

/* Begin PBXGroup section */
		409D459E1E6716E3007A3099 = {
			isa = PBXGroup;
			children = (
				409D45A91E6716E3007A3099 /* WebViewTest */,
				409D45A81E6716E3007A3099 /* Products */,
			);
			sourceTree = "<group>";
		};
		409D45A81E6716E3007A3099 /* Products */ = {
			isa = PBXGroup;
			children = (
				409D45A71E6716E3007A3099 /* WebViewTest.app */,
			);
			name = Products;
			sourceTree = "<group>";
		};
		409D45A91E6716E3007A3099 /* WebViewTest */ = {
			isa = PBXGroup;
			children = (
				409D45BC1E6717E5007A3099 /* Resources */,
				409D45AA1E6716E3007A3099 /* AppDelegate.swift */,
				409D45AC1E6716E3007A3099 /* ViewController.swift */,
				409D45AE1E6716E3007A3099 /* Main.storyboard */,
				409D45B11E6716E3007A3099 /* Assets.xcassets */,
				409D45B31E6716E3007A3099 /* LaunchScreen.storyboard */,
				409D45B61E6716E3007A3099 /* Info.plist */,
			);
			path = WebViewTest;
			sourceTree = "<group>";
		};
		409D45BC1E6717E5007A3099 /* Resources */ = {
			isa = PBXGroup;
			children = (
				409D45BF1E671822007A3099 /* index.html */,
				409D45C31E671822007A3099 /* zone.js */,
			);
			path = Resources;
			sourceTree = "<group>";
		};
/* End PBXGroup section */

/* Begin PBXNativeTarget section */
		409D45A61E6716E3007A3099 /* WebViewTest */ = {
			isa = PBXNativeTarget;
			buildConfigurationList = 409D45B91E6716E3007A3099 /* Build configuration list for PBXNativeTarget "WebViewTest" */;
			buildPhases = (
				409D45A31E6716E3007A3099 /* Sources */,
				409D45A41E6716E3007A3099 /* Frameworks */,
				409D45A51E6716E3007A3099 /* Resources */,
			);
			buildRules = (
			);
			dependencies = (
			);
			name = WebViewTest;
			productName = WebViewTest;
			productReference = 409D45A71E6716E3007A3099 /* WebViewTest.app */;
			productType = "com.apple.product-type.application";
		};
/* End PBXNativeTarget section */

/* Begin PBXProject section */
		409D459F1E6716E3007A3099 /* Project object */ = {
			isa = PBXProject;
			attributes = {
				LastSwiftUpdateCheck = 0820;
				LastUpgradeCheck = 0820;
				ORGANIZATIONNAME = "Softwerk AB";
				TargetAttributes = {
					409D45A61E6716E3007A3099 = {
						CreatedOnToolsVersion = 8.2.1;
						DevelopmentTeam = NWMDQREJPE;
						ProvisioningStyle = Automatic;
					};
				};
			};
			buildConfigurationList = 409D45A21E6716E3007A3099 /* Build configuration list for PBXProject "WebViewTest" */;
			compatibilityVersion = "Xcode 3.2";
			developmentRegion = English;
			hasScannedForEncodings = 0;
			knownRegions = (
				en,
				Base,
			);
			mainGroup = 409D459E1E6716E3007A3099;
			productRefGroup = 409D45A81E6716E3007A3099 /* Products */;
			projectDirPath = "";
			projectRoot = "";
			targets = (
				409D45A61E6716E3007A3099 /* WebViewTest */,
			);
		};
/* End PBXProject section */

/* Begin PBXResourcesBuildPhase section */
		409D45A51E6716E3007A3099 /* Resources */ = {
			isa = PBXResourcesBuildPhase;
			buildActionMask = 2147483647;
			files = (
				409D45B51E6716E3007A3099 /* LaunchScreen.storyboard in Resources */,
				409D45B21E6716E3007A3099 /* Assets.xcassets in Resources */,
				409D45B01E6716E3007A3099 /* Main.storyboard in Resources */,
				409D45C61E671822007A3099 /* index.html in Resources */,
				409D45CA1E671822007A3099 /* zone.js in Resources */,
			);
			runOnlyForDeploymentPostprocessing = 0;
		};
/* End PBXResourcesBuildPhase section */

/* Begin PBXSourcesBuildPhase section */
		409D45A31E6716E3007A3099 /* Sources */ = {
			isa = PBXSourcesBuildPhase;
			buildActionMask = 2147483647;
			files = (
				409D45AD1E6716E3007A3099 /* ViewController.swift in Sources */,
				409D45AB1E6716E3007A3099 /* AppDelegate.swift in Sources */,
			);
			runOnlyForDeploymentPostprocessing = 0;
		};
/* End PBXSourcesBuildPhase section */

/* Begin PBXVariantGroup section */
		409D45AE1E6716E3007A3099 /* Main.storyboard */ = {
			isa = PBXVariantGroup;
			children = (
				409D45AF1E6716E3007A3099 /* Base */,
			);
			name = Main.storyboard;
			sourceTree = "<group>";
		};
		409D45B31E6716E3007A3099 /* LaunchScreen.storyboard */ = {
			isa = PBXVariantGroup;
			children = (
				409D45B41E6716E3007A3099 /* Base */,
			);
			name = LaunchScreen.storyboard;
			sourceTree = "<group>";
		};
/* End PBXVariantGroup section */

/* Begin XCBuildConfiguration section */
		409D45B71E6716E3007A3099 /* Debug */ = {
			isa = XCBuildConfiguration;
			buildSettings = {
				ALWAYS_SEARCH_USER_PATHS = NO;
				CLANG_ANALYZER_NONNULL = YES;
				CLANG_CXX_LANGUAGE_STANDARD = "gnu++0x";
				CLANG_CXX_LIBRARY = "libc++";
				CLANG_ENABLE_MODULES = YES;
				CLANG_ENABLE_OBJC_ARC = YES;
				CLANG_WARN_BOOL_CONVERSION = YES;
				CLANG_WARN_CONSTANT_CONVERSION = YES;
				CLANG_WARN_DIRECT_OBJC_ISA_USAGE = YES_ERROR;
				CLANG_WARN_DOCUMENTATION_COMMENTS = YES;
				CLANG_WARN_EMPTY_BODY = YES;
				CLANG_WARN_ENUM_CONVERSION = YES;
				CLANG_WARN_INFINITE_RECURSION = YES;
				CLANG_WARN_INT_CONVERSION = YES;
				CLANG_WARN_OBJC_ROOT_CLASS = YES_ERROR;
				CLANG_WARN_SUSPICIOUS_MOVE = YES;
				CLANG_WARN_UNREACHABLE_CODE = YES;
				CLANG_WARN__DUPLICATE_METHOD_MATCH = YES;
				"CODE_SIGN_IDENTITY[sdk=iphoneos*]" = "iPhone Developer";
				COPY_PHASE_STRIP = NO;
				DEBUG_INFORMATION_FORMAT = dwarf;
				ENABLE_STRICT_OBJC_MSGSEND = YES;
				ENABLE_TESTABILITY = YES;
				GCC_C_LANGUAGE_STANDARD = gnu99;
				GCC_DYNAMIC_NO_PIC = NO;
				GCC_NO_COMMON_BLOCKS = YES;
				GCC_OPTIMIZATION_LEVEL = 0;
				GCC_PREPROCESSOR_DEFINITIONS = (
					"DEBUG=1",
					"$(inherited)",
				);
				GCC_WARN_64_TO_32_BIT_CONVERSION = YES;
				GCC_WARN_ABOUT_RETURN_TYPE = YES_ERROR;
				GCC_WARN_UNDECLARED_SELECTOR = YES;
				GCC_WARN_UNINITIALIZED_AUTOS = YES_AGGRESSIVE;
				GCC_WARN_UNUSED_FUNCTION = YES;
				GCC_WARN_UNUSED_VARIABLE = YES;
				IPHONEOS_DEPLOYMENT_TARGET = 10.0;
				MTL_ENABLE_DEBUG_INFO = YES;
				ONLY_ACTIVE_ARCH = YES;
				SDKROOT = iphoneos;
				SWIFT_ACTIVE_COMPILATION_CONDITIONS = DEBUG;
				SWIFT_OPTIMIZATION_LEVEL = "-Onone";
			};
			name = Debug;
		};
		409D45B81E6716E3007A3099 /* Release */ = {
			isa = XCBuildConfiguration;
			buildSettings = {
				ALWAYS_SEARCH_USER_PATHS = NO;
				CLANG_ANALYZER_NONNULL = YES;
				CLANG_CXX_LANGUAGE_STANDARD = "gnu++0x";
				CLANG_CXX_LIBRARY = "libc++";
				CLANG_ENABLE_MODULES = YES;
				CLANG_ENABLE_OBJC_ARC = YES;
				CLANG_WARN_BOOL_CONVERSION = YES;
				CLANG_WARN_CONSTANT_CONVERSION = YES;
				CLANG_WARN_DIRECT_OBJC_ISA_USAGE = YES_ERROR;
				CLANG_WARN_DOCUMENTATION_COMMENTS = YES;
				CLANG_WARN_EMPTY_BODY = YES;
				CLANG_WARN_ENUM_CONVERSION = YES;
				CLANG_WARN_INFINITE_RECURSION = YES;
				CLANG_WARN_INT_CONVERSION = YES;
				CLANG_WARN_OBJC_ROOT_CLASS = YES_ERROR;
				CLANG_WARN_SUSPICIOUS_MOVE = YES;
				CLANG_WARN_UNREACHABLE_CODE = YES;
				CLANG_WARN__DUPLICATE_METHOD_MATCH = YES;
				"CODE_SIGN_IDENTITY[sdk=iphoneos*]" = "iPhone Developer";
				COPY_PHASE_STRIP = NO;
				DEBUG_INFORMATION_FORMAT = "dwarf-with-dsym";
				ENABLE_NS_ASSERTIONS = NO;
				ENABLE_STRICT_OBJC_MSGSEND = YES;
				GCC_C_LANGUAGE_STANDARD = gnu99;
				GCC_NO_COMMON_BLOCKS = YES;
				GCC_WARN_64_TO_32_BIT_CONVERSION = YES;
				GCC_WARN_ABOUT_RETURN_TYPE = YES_ERROR;
				GCC_WARN_UNDECLARED_SELECTOR = YES;
				GCC_WARN_UNINITIALIZED_AUTOS = YES_AGGRESSIVE;
				GCC_WARN_UNUSED_FUNCTION = YES;
				GCC_WARN_UNUSED_VARIABLE = YES;
				IPHONEOS_DEPLOYMENT_TARGET = 10.0;
				MTL_ENABLE_DEBUG_INFO = NO;
				SDKROOT = iphoneos;
				SWIFT_OPTIMIZATION_LEVEL = "-Owholemodule";
				VALIDATE_PRODUCT = YES;
			};
			name = Release;
		};
		409D45BA1E6716E3007A3099 /* Debug */ = {
			isa = XCBuildConfiguration;
			buildSettings = {
				ASSETCATALOG_COMPILER_APPICON_NAME = AppIcon;
				DEVELOPMENT_TEAM = NWMDQREJPE;
				INFOPLIST_FILE = WebViewTest/Info.plist;
				IPHONEOS_DEPLOYMENT_TARGET = 10.0;
				LD_RUNPATH_SEARCH_PATHS = "$(inherited) @executable_path/Frameworks";
				PRODUCT_BUNDLE_IDENTIFIER = se.softwerk.WebViewTest;
				PRODUCT_NAME = "$(TARGET_NAME)";
				SWIFT_VERSION = 3.0;
				TARGETED_DEVICE_FAMILY = "1,2";
			};
			name = Debug;
		};
		409D45BB1E6716E3007A3099 /* Release */ = {
			isa = XCBuildConfiguration;
			buildSettings = {
				ASSETCATALOG_COMPILER_APPICON_NAME = AppIcon;
				DEVELOPMENT_TEAM = NWMDQREJPE;
				INFOPLIST_FILE = WebViewTest/Info.plist;
				IPHONEOS_DEPLOYMENT_TARGET = 10.0;
				LD_RUNPATH_SEARCH_PATHS = "$(inherited) @executable_path/Frameworks";
				PRODUCT_BUNDLE_IDENTIFIER = se.softwerk.WebViewTest;
				PRODUCT_NAME = "$(TARGET_NAME)";
				SWIFT_VERSION = 3.0;
				TARGETED_DEVICE_FAMILY = "1,2";
			};
			name = Release;
		};
/* End XCBuildConfiguration section */

/* Begin XCConfigurationList section */
		409D45A21E6716E3007A3099 /* Build configuration list for PBXProject "WebViewTest" */ = {
			isa = XCConfigurationList;
			buildConfigurations = (
				409D45B71E6716E3007A3099 /* Debug */,
				409D45B81E6716E3007A3099 /* Release */,
			);
			defaultConfigurationIsVisible = 0;
			defaultConfigurationName = Release;
		};
		409D45B91E6716E3007A3099 /* Build configuration list for PBXNativeTarget "WebViewTest" */ = {
			isa = XCConfigurationList;
			buildConfigurations = (
				409D45BA1E6716E3007A3099 /* Debug */,
				409D45BB1E6716E3007A3099 /* Release */,
			);
			defaultConfigurationIsVisible = 0;
			defaultConfigurationName = Release;
		};
/* End XCConfigurationList section */
	};
	rootObject = 409D459F1E6716E3007A3099 /* Project object */;
}
